
Microsoft Visual Studio Solution File, Format Version 12.00
# Visual Studio Version 16
VisualStudioVersion = 16.0.31229.75
MinimumVisualStudioVersion = 10.0.40219.1
Project("{9A19103F-16F7-4668-BE54-9A1E7A4F7556}") = "SpaceInvaders", "SpaceInvaders\SpaceInvaders.csproj", "{6E2BF488-CF99-4089-8F97-9597F03DD2E2}"
EndProject
Project("{FAE04EC0-301F-11D3-BF4B-00C04F79EFBC}") = "SpaceInvaders.UnitTests", "SpaceInvaders.UnitTests\SpaceInvaders.UnitTests.csproj", "{293E73DC-F128-4C15-B7B5-F1C8BF224157}"
EndProject
Global
	GlobalSection(SolutionConfigurationPlatforms) = preSolution
		Debug|Any CPU = Debug|Any CPU
		Release|Any CPU = Release|Any CPU
	EndGlobalSection
	GlobalSection(ProjectConfigurationPlatforms) = postSolution
		{6E2BF488-CF99-4089-8F97-9597F03DD2E2}.Debug|Any CPU.ActiveCfg = Debug|Any CPU
		{6E2BF488-CF99-4089-8F97-9597F03DD2E2}.Debug|Any CPU.Build.0 = Debug|Any CPU
		{6E2BF488-CF99-4089-8F97-9597F03DD2E2}.Release|Any CPU.ActiveCfg = Release|Any CPU
		{6E2BF488-CF99-4089-8F97-9597F03DD2E2}.Release|Any CPU.Build.0 = Release|Any CPU
		{293E73DC-F128-4C15-B7B5-F1C8BF224157}.Debug|Any CPU.ActiveCfg = Debug|Any CPU
		{293E73DC-F128-4C15-B7B5-F1C8BF224157}.Debug|Any CPU.Build.0 = Debug|Any CPU
		{293E73DC-F128-4C15-B7B5-F1C8BF224157}.Release|Any CPU.ActiveCfg = Release|Any CPU
		{293E73DC-F128-4C15-B7B5-F1C8BF224157}.Release|Any CPU.Build.0 = Release|Any CPU
	EndGlobalSection
	GlobalSection(SolutionProperties) = preSolution
		HideSolutionNode = FALSE
	EndGlobalSection
	GlobalSection(ExtensibilityGlobals) = postSolution
		SolutionGuid = {DC793C5B-A50A-439E-BF65-0478D1775266}
	EndGlobalSection
EndGlobal
